{
  "name": "ans-schema",
  "version": "1.11.0",
  "lockfileVersion": 1,
  "requires": true,
  "dependencies": {
    "ajv": {
      "version": "3.4.0",
      "integrity": "sha1-FyxwZAt1Ajn5///0bDSFV3/TBpA=",
      "requires": {
        "json-stable-stringify": "^1.0.0"
      }
    },
    "async": {
      "version": "2.0.0",
      "integrity": "sha1-0JAK04WvE4BFQKEJxCFm4657K50=",
      "requires": {
        "lodash": "^4.8.0"
      }
    },
    "balanced-match": {
      "version": "1.0.0",
      "integrity": "sha1-ibTRmasr7kneFk6gK4nORi1xt2c="
    },
    "brace-expansion": {
      "version": "1.1.11",
      "integrity": "sha1-PH/L9SnYcibz0vUrlm/1Jx60Qd0=",
      "requires": {
        "balanced-match": "^1.0.0",
        "concat-map": "0.0.1"
      }
    },
    "commander": {
      "version": "2.3.0",
      "integrity": "sha1-/UMOiJgy7DU7ms0d4hfBHLPu+HM="
    },
    "concat-map": {
      "version": "0.0.1",
      "integrity": "sha1-2Klr13/Wjfd5OnMDajug1UBdR3s="
    },
    "core-util-is": {
      "version": "1.0.2",
      "integrity": "sha1-tf1UIgqivFq1eqtxQMlAdUUDwac="
    },
    "debug": {
      "version": "2.2.0",
      "integrity": "sha1-+HBX6ZWxofauaklgZkE3vFbwOdo=",
      "requires": {
        "ms": "0.7.1"
      }
    },
    "diff": {
      "version": "1.4.0",
      "integrity": "sha1-fyjS657nsVqX79ic5j3P2qPMur8="
    },
    "escape-string-regexp": {
      "version": "1.0.2",
      "integrity": "sha1-Tbwv5nTnGUnK8/smlc5/LcHZqNE="
    },
    "fs.realpath": {
      "version": "1.0.0",
      "integrity": "sha1-FQStJSMVjKpA20onh8sBQRmU6k8="
    },
    "glob": {
      "version": "3.2.3",
      "integrity": "sha1-4xPusknHr/qlxHUoaw4RW1mDlGc=",
      "requires": {
        "graceful-fs": "~2.0.0",
        "inherits": "2",
        "minimatch": "~0.2.11"
      }
    },
    "graceful-fs": {
      "version": "2.0.3",
      "integrity": "sha1-fNLNsiiko/Nule+mzBQt59GhNtA="
    },
    "growl": {
      "version": "1.8.1",
      "integrity": "sha1-Sy3sjZB+k9szZiTc7AGDUC+MlCg="
    },
    "inflight": {
      "version": "1.0.6",
      "integrity": "sha1-Sb1jMdfQLQwJvJEKEHW6gWW1bfk=",
      "requires": {
        "once": "^1.3.0",
        "wrappy": "1"
      }
    },
    "inherits": {
      "version": "2.0.4",
      "integrity": "sha1-D6LGT5MpF8NDOg3tVTY6rjdBa3w="
    },
    "isarray": {
      "version": "1.0.0",
      "integrity": "sha1-u5NdSFgsuhaMBoNJV6VKPgcSTxE="
    },
    "jade": {
      "version": "0.26.3",
      "integrity": "sha1-jxDXl32NefL2/4YqgbBRPMslaGw=",
      "requires": {
        "commander": "0.6.1",
        "mkdirp": "0.3.0"
      },
      "dependencies": {
        "commander": {
          "version": "0.6.1",
          "integrity": "sha1-+mihT2qUXVTbvlDYzbMyDp47GgY="
        },
        "mkdirp": {
          "version": "0.3.0",
          "integrity": "sha1-G79asbqCevI1dRQ0kEJkVfSB/h4="
        }
      }
    },
    "json-stable-stringify": {
      "version": "1.0.1",
      "integrity": "sha1-mnWdOcXy/1A/1TAGRu1EX4jE+a8=",
      "requires": {
        "jsonify": "~0.0.0"
      }
    },
    "jsonify": {
      "version": "0.0.0",
      "integrity": "sha1-LHS27kHZPKUbe1qu6PUDYx0lKnM="
    },
    "lodash": {
      "version": "4.17.20",
      "integrity": "sha1-tEqbYpe8tpjxxRo1RaKzs2jVnFI="
    },
    "lru-cache": {
      "version": "2.7.3",
      "integrity": "sha1-bUUk6LlV+V1PW1iFHOId1y+06VI="
    },
    "minimatch": {
      "version": "0.2.14",
      "integrity": "sha1-x054BXT2PG+aCQ6Q775u9TpqdWo=",
      "requires": {
        "lru-cache": "2",
        "sigmund": "~1.0.0"
      }
    },
    "minimist": {
      "version": "0.0.8",
      "integrity": "sha1-hX/Kv8M5fSYluCKCYuhqp6ARsF0="
    },
    "mkdirp": {
      "version": "0.5.1",
      "integrity": "sha1-MAV0OOrGz3+MR2fzhkjWaX11yQM=",
      "requires": {
        "minimist": "0.0.8"
      }
    },
    "mocha": {
      "version": "2.4.5",
      "integrity": "sha1-FRdo3Sh161G8gpXpgAAm6fK7OY8=",
      "requires": {
        "commander": "2.3.0",
        "debug": "2.2.0",
        "diff": "1.4.0",
        "escape-string-regexp": "1.0.2",
        "glob": "3.2.3",
        "growl": "1.8.1",
        "jade": "0.26.3",
        "mkdirp": "0.5.1",
        "supports-color": "1.2.0"
      }
    },
    "ms": {
      "version": "0.7.1",
      "integrity": "sha1-nNE8A62/8ltl7/3nzoZO6VIBcJg="
    },
    "ncp": {
      "version": "2.0.0",
      "integrity": "sha1-GVoh1sRuNh0vsSgbo4uR6d9727M="
    },
    "node-dir": {
      "version": "0.1.17",
      "integrity": "sha1-X1Zl2TNRM1yqvvjxxVRRbPXx5OU=",
      "requires": {
        "minimatch": "^3.0.2"
      },
      "dependencies": {
        "minimatch": {
          "version": "3.0.4",
          "integrity": "sha1-UWbihkV/AzBgZL5Ul+jbsMPTIIM=",
          "requires": {
            "brace-expansion": "^1.1.7"
          }
        }
      }
    },
    "node-options": {
      "version": "0.0.7",
      "integrity": "sha1-DUjuKly3vLG5G4BraeEoTzY/rlo="
    },
    "object-assign": {
      "version": "3.0.0",
      "integrity": "sha1-m+3VygiXlJvKR+f/QIBi1Un1h/I="
    },
    "once": {
      "version": "1.4.0",
      "integrity": "sha1-WDsap3WWHUsROsF9nFC6753Xa9E=",
      "requires": {
        "wrappy": "1"
      }
    },
    "path-is-absolute": {
      "version": "1.0.1",
      "integrity": "sha1-F0uSaHNVNP+8es5r9TpanhtcX18="
    },
    "process-nextick-args": {
      "version": "2.0.1",
      "integrity": "sha1-eCDZsWEgzFXKmud5JoCufbptf+I="
    },
    "readable-stream": {
      "version": "2.3.7",
      "integrity": "sha1-Hsoc9xGu+BTAT2IlKjamL2yyO1c=",
      "requires": {
        "core-util-is": "~1.0.0",
        "inherits": "~2.0.3",
        "isarray": "~1.0.0",
        "process-nextick-args": "~2.0.0",
        "safe-buffer": "~5.1.1",
        "string_decoder": "~1.1.1",
        "util-deprecate": "~1.0.1"
      }
    },
    "replacestream": {
      "version": "4.0.0",
      "integrity": "sha1-rVdK8dr1Zqg9h62lqzleC9xD4qQ=",
      "requires": {
        "escape-string-regexp": "^1.0.3",
        "object-assign": "^3.0.0",
        "readable-stream": "^2.0.1"
      },
      "dependencies": {
        "escape-string-regexp": {
          "version": "1.0.5",
          "integrity": "sha1-G2HAViGQqN/2rjuyzwIAyhMLhtQ="
        }
      }
    },
    "rimraf": {
      "version": "2.5.2",
      "integrity": "sha1-YrqUf6TAtDY4Oa7+zU8PutYFlyY=",
      "requires": {
        "glob": "^7.0.0"
      },
      "dependencies": {
        "glob": {
          "version": "7.1.6",
          "integrity": "sha1-FB8zuBp8JJLhJVlDB0gMRmeSeKY=",
          "requires": {
            "fs.realpath": "^1.0.0",
            "inflight": "^1.0.4",
            "inherits": "2",
            "minimatch": "^3.0.4",
            "once": "^1.3.0",
            "path-is-absolute": "^1.0.0"
          }
        },
        "minimatch": {
          "version": "3.0.4",
          "integrity": "sha1-UWbihkV/AzBgZL5Ul+jbsMPTIIM=",
          "requires": {
            "brace-expansion": "^1.1.7"
          }
        }
      }
    },
    "safe-buffer": {
      "version": "5.1.2",
      "integrity": "sha1-mR7GnSluAxN0fVm9/St0XDX4go0="
    },
    "should": {
      "version": "8.2.2",
      "integrity": "sha1-RR4yoJm+SuA8NDf6bpuCYT2iw9U=",
      "requires": {
        "should-equal": "0.7.2",
        "should-format": "0.3.2",
        "should-type": "0.2.0"
      }
    },
    "should-equal": {
      "version": "0.7.2",
      "integrity": "sha1-pqlj2/UBuT7TS3gHrn1/BC/CTKg=",
      "requires": {
        "should-type": "0.2.0"
      }
    },
    "should-format": {
      "version": "0.3.2",
      "integrity": "sha1-pZgx4Bot3uFJkRvHFIvlyAMZ4f8=",
      "requires": {
        "should-type": "0.2.0"
      }
    },
    "should-type": {
      "version": "0.2.0",
      "integrity": "sha1-ZwfvlVKdmJ3MCY/gdTqx+RNrt/Y="
    },
    "sigmund": {
      "version": "1.0.1",
      "integrity": "sha1-P/IfGYytIXX587eBhT/ZTQ0ZtZA="
    },
    "string_decoder": {
      "version": "1.1.1",
      "integrity": "sha1-nPFhG6YmhdcDCunkujQUnDrwP8g=",
      "requires": {
        "safe-buffer": "~5.1.0"
      }
    },
    "supports-color": {
      "version": "1.2.0",
      "integrity": "sha1-/x7R5hFp0Gs88tWI4YixjYhH4X4="
    },
    "util-deprecate": {
      "version": "1.0.2",
      "integrity": "sha1-RQ1Nyfpw3nMnYvvS1KKJgUGaDM8="
    },
    "wrappy": {
      "version": "1.0.2",
      "integrity": "sha1-tSQ9jz7BqjXxNkYFvA0QNuMKtp8="
    }
  }
}
